
Microsoft Visual Studio Solution File, Format Version 12.00
# Visual Studio Version 16
VisualStudioVersion = 16.0.31105.61
MinimumVisualStudioVersion = 10.0.40219.1
Project("{FAE04EC0-301F-11D3-BF4B-00C04F79EFBC}") = "ForIteration", "ForIteration.csproj", "{C4786F3A-FF28-4EC0-AD81-AB94A8CB31E5}"
EndProject
Global
	GlobalSection(SolutionConfigurationPlatforms) = preSolution
		Debug|Any CPU = Debug|Any CPU
		Release|Any CPU = Release|Any CPU
	EndGlobalSection
	GlobalSection(ProjectConfigurationPlatforms) = postSolution
		{C4786F3A-FF28-4EC0-AD81-AB94A8CB31E5}.Debug|Any CPU.ActiveCfg = Debug|Any CPU
		{C4786F3A-FF28-4EC0-AD81-AB94A8CB31E5}.Debug|Any CPU.Build.0 = Debug|Any CPU
		{C4786F3A-FF28-4EC0-AD81-AB94A8CB31E5}.Release|Any CPU.ActiveCfg = Release|Any CPU
		{C4786F3A-FF28-4EC0-AD81-AB94A8CB31E5}.Release|Any CPU.Build.0 = Release|Any CPU
	EndGlobalSection
	GlobalSection(SolutionProperties) = preSolution
		HideSolutionNode = FALSE
	EndGlobalSection
	GlobalSection(ExtensibilityGlobals) = postSolution
		SolutionGuid = {4DA06D9F-FDA8-43B5-A9DF-FA9FD5B06653}
	EndGlobalSection
EndGlobal
