
Microsoft Visual Studio Solution File, Format Version 12.00
# Visual Studio Version 16
VisualStudioVersion = 16.0.31105.61
MinimumVisualStudioVersion = 10.0.40219.1
Project("{FAE04EC0-301F-11D3-BF4B-00C04F79EFBC}") = "ObjectLifetime", "ObjectLifetime.csproj", "{16FD4C03-86E1-467E-8C22-0A8EF7A525B3}"
EndProject
Global
	GlobalSection(SolutionConfigurationPlatforms) = preSolution
		Debug|Any CPU = Debug|Any CPU
		Release|Any CPU = Release|Any CPU
	EndGlobalSection
	GlobalSection(ProjectConfigurationPlatforms) = postSolution
		{16FD4C03-86E1-467E-8C22-0A8EF7A525B3}.Debug|Any CPU.ActiveCfg = Debug|Any CPU
		{16FD4C03-86E1-467E-8C22-0A8EF7A525B3}.Debug|Any CPU.Build.0 = Debug|Any CPU
		{16FD4C03-86E1-467E-8C22-0A8EF7A525B3}.Release|Any CPU.ActiveCfg = Release|Any CPU
		{16FD4C03-86E1-467E-8C22-0A8EF7A525B3}.Release|Any CPU.Build.0 = Release|Any CPU
	EndGlobalSection
	GlobalSection(SolutionProperties) = preSolution
		HideSolutionNode = FALSE
	EndGlobalSection
	GlobalSection(ExtensibilityGlobals) = postSolution
		SolutionGuid = {959321AF-8F1C-4845-A067-055DF414B4CD}
	EndGlobalSection
EndGlobal
